{
    "name": "node-red-node-forge",
    "version": "0.0.1",
    "lockfileVersion": 1,
    "requires": true,
    "dependencies": {
        "@hapi/address": {
            "version": "2.1.2",
            "resolved": "https://art-bobcat.autodesk.com:443/artifactory/api/npm/autodesk-npm-virtual/@hapi/address/-/address-2.1.2.tgz",
            "integrity": "sha1-HHlM1tvyNU0ese8Q4DA/Vz4cciI="
        },
        "@hapi/bourne": {
            "version": "1.3.2",
            "resolved": "https://art-bobcat.autodesk.com:443/artifactory/api/npm/autodesk-npm-virtual/@hapi/bourne/-/bourne-1.3.2.tgz",
            "integrity": "sha1-CnCVreoGckPOMoPhtWuKj0U7JCo="
        },
        "@hapi/hoek": {
            "version": "8.3.0",
            "resolved": "https://art-bobcat.autodesk.com:443/artifactory/api/npm/autodesk-npm-virtual/@hapi/hoek/-/hoek-8.3.0.tgz",
            "integrity": "sha1-K52xzQDziRAFx3s6jWCLiKbQqk0="
        },
        "@hapi/joi": {
            "version": "15.1.1",
            "resolved": "https://art-bobcat.autodesk.com:443/artifactory/api/npm/autodesk-npm-virtual/@hapi/joi/-/joi-15.1.1.tgz",
            "integrity": "sha1-xnW4pxKW8Cgz+NbSQ7NMV7jOGdc=",
            "requires": {
                "@hapi/address": "2.x.x",
                "@hapi/bourne": "1.x.x",
                "@hapi/hoek": "8.x.x",
                "@hapi/topo": "3.x.x"
            }
        },
        "@hapi/topo": {
            "version": "3.1.5",
            "resolved": "https://art-bobcat.autodesk.com:443/artifactory/api/npm/autodesk-npm-virtual/@hapi/topo/-/topo-3.1.5.tgz",
            "integrity": "sha1-O66hfkVlMO2taadcP8fN6X3W0zE=",
            "requires": {
                "@hapi/hoek": "8.x.x"
            }
        },
        "ajv": {
            "version": "6.10.2",
            "resolved": "https://art-bobcat.autodesk.com:443/artifactory/api/npm/autodesk-npm-virtual/ajv/-/ajv-6.10.2.tgz",
            "integrity": "sha1-086gTWsBeyiUrWkED+yLYj60vVI=",
            "requires": {
                "fast-deep-equal": "^2.0.1",
                "fast-json-stable-stringify": "^2.0.0",
                "json-schema-traverse": "^0.4.1",
                "uri-js": "^4.2.2"
            }
        },
        "asn1": {
            "version": "0.2.4",
            "resolved": "https://art-bobcat.autodesk.com:443/artifactory/api/npm/autodesk-npm-virtual/asn1/-/asn1-0.2.4.tgz",
            "integrity": "sha1-jSR136tVO7M+d7VOWeiAu4ziMTY=",
            "requires": {
                "safer-buffer": "~2.1.0"
            }
        },
        "assert-plus": {
            "version": "1.0.0",
            "resolved": "https://art-bobcat.autodesk.com:443/artifactory/api/npm/autodesk-npm-virtual/assert-plus/-/assert-plus-1.0.0.tgz",
            "integrity": "sha1-8S4PPF13sLHN2RRpQuTpbB5N1SU="
        },
        "asynckit": {
            "version": "0.4.0",
            "resolved": "https://art-bobcat.autodesk.com:443/artifactory/api/npm/autodesk-npm-virtual/asynckit/-/asynckit-0.4.0.tgz",
            "integrity": "sha1-x57Zf380y48robyXkLzDZkdLS3k="
        },
        "aws-sign2": {
            "version": "0.7.0",
            "resolved": "https://art-bobcat.autodesk.com:443/artifactory/api/npm/autodesk-npm-virtual/aws-sign2/-/aws-sign2-0.7.0.tgz",
            "integrity": "sha1-tG6JCTSpWR8tL2+G1+ap8bP+dqg="
        },
        "aws4": {
            "version": "1.8.0",
            "resolved": "https://art-bobcat.autodesk.com:443/artifactory/api/npm/autodesk-npm-virtual/aws4/-/aws4-1.8.0.tgz",
            "integrity": "sha1-8OAD2cqef1nHpQiUXXsu+aBKVC8="
        },
        "axios": {
            "version": "0.19.0",
            "resolved": "https://art-bobcat.autodesk.com:443/artifactory/api/npm/autodesk-npm-virtual/axios/-/axios-0.19.0.tgz",
            "integrity": "sha1-jgm/89kSLhM/e4EByPvdAO09Krg=",
            "requires": {
                "follow-redirects": "1.5.10",
                "is-buffer": "^2.0.2"
            }
        },
        "bcrypt-pbkdf": {
            "version": "1.0.2",
            "resolved": "https://art-bobcat.autodesk.com:443/artifactory/api/npm/autodesk-npm-virtual/bcrypt-pbkdf/-/bcrypt-pbkdf-1.0.2.tgz",
            "integrity": "sha1-pDAdOJtqQ/m2f/PKEaP2Y342Dp4=",
            "requires": {
                "tweetnacl": "^0.14.3"
            }
        },
        "boom": {
            "version": "7.3.0",
            "resolved": "https://art-bobcat.autodesk.com:443/artifactory/api/npm/autodesk-npm-virtual/boom/-/boom-7.3.0.tgz",
            "integrity": "sha1-czptlW0zsLGZnaP+bBKZaVDQF7k=",
            "requires": {
                "hoek": "6.x.x"
            }
        },
        "bourne": {
            "version": "1.1.2",
            "resolved": "https://art-bobcat.autodesk.com:443/artifactory/api/npm/autodesk-npm-virtual/bourne/-/bourne-1.1.2.tgz",
            "integrity": "sha1-4pC1vXFmY1Yy6vjvErAGstSnW4M="
        },
        "caseless": {
            "version": "0.12.0",
            "resolved": "https://art-bobcat.autodesk.com:443/artifactory/api/npm/autodesk-npm-virtual/caseless/-/caseless-0.12.0.tgz",
            "integrity": "sha1-G2gcIf+EAzyCZUMJBolCDRhxUdw="
        },
        "combined-stream": {
            "version": "1.0.8",
            "resolved": "https://art-bobcat.autodesk.com:443/artifactory/api/npm/autodesk-npm-virtual/combined-stream/-/combined-stream-1.0.8.tgz",
            "integrity": "sha1-w9RaizT9cwYxoRCoolIGgrMdWn8=",
            "requires": {
                "delayed-stream": "~1.0.0"
            }
        },
        "core-util-is": {
            "version": "1.0.2",
            "resolved": "https://art-bobcat.autodesk.com:443/artifactory/api/npm/autodesk-npm-virtual/core-util-is/-/core-util-is-1.0.2.tgz",
            "integrity": "sha1-tf1UIgqivFq1eqtxQMlAdUUDwac="
        },
        "dashdash": {
            "version": "1.14.1",
            "resolved": "https://art-bobcat.autodesk.com:443/artifactory/api/npm/autodesk-npm-virtual/dashdash/-/dashdash-1.14.1.tgz",
            "integrity": "sha1-hTz6D3y+L+1d4gMmuN1YEDX24vA=",
            "requires": {
                "assert-plus": "^1.0.0"
            }
        },
        "date-fns": {
            "version": "2.4.1",
            "resolved": "https://art-bobcat.autodesk.com:443/artifactory/api/npm/autodesk-npm-virtual/date-fns/-/date-fns-2.4.1.tgz",
            "integrity": "sha1-tT+btlrmvZI5Q3A1cQ4Bzzg7Yl4="
        },
        "debug": {
            "version": "3.1.0",
            "resolved": "https://art-bobcat.autodesk.com:443/artifactory/api/npm/autodesk-npm-virtual/debug/-/debug-3.1.0.tgz",
            "integrity": "sha1-W7WgZyYotkFJVmuhaBnmFRjGcmE=",
            "requires": {
                "ms": "2.0.0"
            }
        },
        "delayed-stream": {
            "version": "1.0.0",
            "resolved": "https://art-bobcat.autodesk.com:443/artifactory/api/npm/autodesk-npm-virtual/delayed-stream/-/delayed-stream-1.0.0.tgz",
            "integrity": "sha1-3zrhmayt+31ECqrgsp4icrJOxhk="
        },
        "ecc-jsbn": {
            "version": "0.1.2",
            "resolved": "https://art-bobcat.autodesk.com:443/artifactory/api/npm/autodesk-npm-virtual/ecc-jsbn/-/ecc-jsbn-0.1.2.tgz",
            "integrity": "sha1-OoOpBOVDUyh4dMVkt1SThoSamMk=",
            "requires": {
                "jsbn": "~0.1.0",
                "safer-buffer": "^2.1.0"
            }
        },
        "extend": {
            "version": "3.0.2",
            "resolved": "https://art-bobcat.autodesk.com:443/artifactory/api/npm/autodesk-npm-virtual/extend/-/extend-3.0.2.tgz",
            "integrity": "sha1-+LETa0Bx+9jrFAr/hYsQGewpFfo="
        },
        "extsprintf": {
            "version": "1.3.0",
            "resolved": "https://art-bobcat.autodesk.com:443/artifactory/api/npm/autodesk-npm-virtual/extsprintf/-/extsprintf-1.3.0.tgz",
            "integrity": "sha1-lpGEQOMEGnpBT4xS48V06zw+HgU="
        },
        "fast-deep-equal": {
            "version": "2.0.1",
            "resolved": "https://art-bobcat.autodesk.com:443/artifactory/api/npm/autodesk-npm-virtual/fast-deep-equal/-/fast-deep-equal-2.0.1.tgz",
            "integrity": "sha1-ewUhjd+WZ79/Nwv3/bLLFf3Qqkk="
        },
        "fast-json-stable-stringify": {
            "version": "2.0.0",
            "resolved": "https://art-bobcat.autodesk.com:443/artifactory/api/npm/autodesk-npm-virtual/fast-json-stable-stringify/-/fast-json-stable-stringify-2.0.0.tgz",
            "integrity": "sha1-1RQsDK7msRifh9OnYREGT4bIu/I="
        },
        "follow-redirects": {
            "version": "1.5.10",
            "resolved": "https://art-bobcat.autodesk.com:443/artifactory/api/npm/autodesk-npm-virtual/follow-redirects/-/follow-redirects-1.5.10.tgz",
            "integrity": "sha1-e3qfmuov3/NnhqlP9kPtB/T/Xio=",
            "requires": {
                "debug": "=3.1.0"
            }
        },
        "forever-agent": {
            "version": "0.6.1",
            "resolved": "https://art-bobcat.autodesk.com:443/artifactory/api/npm/autodesk-npm-virtual/forever-agent/-/forever-agent-0.6.1.tgz",
            "integrity": "sha1-+8cfDEGt6zf5bFd60e1C2P2sypE="
        },
        "forge-apis": {
            "version": "0.4.5",
            "resolved": "https://art-bobcat.autodesk.com:443/artifactory/api/npm/autodesk-npm-virtual/forge-apis/-/forge-apis-0.4.5.tgz",
            "integrity": "sha1-vlhv81a9Y/GCdd9HmjM4/uGMVGE=",
            "requires": {
                "request": "^2.87.0"
            }
        },
        "forge-server-utils": {
            "version": "4.4.0",
            "resolved": "https://art-bobcat.autodesk.com:443/artifactory/api/npm/autodesk-npm-virtual/forge-server-utils/-/forge-server-utils-4.4.0.tgz",
            "integrity": "sha1-r6F+acPe0baYAntZ2GOG7PA+xtk=",
            "requires": {
                "axios": "^0.19.0",
                "form-data": "^2.5.1"
            },
            "dependencies": {
                "form-data": {
                    "version": "2.5.1",
                    "resolved": "https://art-bobcat.autodesk.com:443/artifactory/api/npm/autodesk-npm-virtual/form-data/-/form-data-2.5.1.tgz",
                    "integrity": "sha1-8svsV7XlniNxbhKP5E1OXdI4lfQ=",
                    "requires": {
                        "asynckit": "^0.4.0",
                        "combined-stream": "^1.0.6",
                        "mime-types": "^2.1.12"
                    }
                }
            }
        },
        "form-data": {
            "version": "2.3.3",
            "resolved": "https://art-bobcat.autodesk.com:443/artifactory/api/npm/autodesk-npm-virtual/form-data/-/form-data-2.3.3.tgz",
            "integrity": "sha1-3M5SwF9kTymManq5Nr1yTO/786Y=",
            "requires": {
                "asynckit": "^0.4.0",
                "combined-stream": "^1.0.6",
                "mime-types": "^2.1.12"
            }
        },
        "getpass": {
            "version": "0.1.7",
            "resolved": "https://art-bobcat.autodesk.com:443/artifactory/api/npm/autodesk-npm-virtual/getpass/-/getpass-0.1.7.tgz",
            "integrity": "sha1-Xv+OPmhNVprkyysSgmBOi6YhSfo=",
            "requires": {
                "assert-plus": "^1.0.0"
            }
        },
        "har-schema": {
            "version": "2.0.0",
            "resolved": "https://art-bobcat.autodesk.com:443/artifactory/api/npm/autodesk-npm-virtual/har-schema/-/har-schema-2.0.0.tgz",
            "integrity": "sha1-qUwiJOvKwEeCoNkDVSHyRzW37JI="
        },
        "har-validator": {
            "version": "5.1.3",
            "resolved": "https://art-bobcat.autodesk.com:443/artifactory/api/npm/autodesk-npm-virtual/har-validator/-/har-validator-5.1.3.tgz",
            "integrity": "sha1-HvievT5JllV2de7ZiTEQ3DUPoIA=",
            "requires": {
                "ajv": "^6.5.5",
                "har-schema": "^2.0.0"
            }
        },
        "hoek": {
            "version": "6.1.3",
            "resolved": "https://art-bobcat.autodesk.com:443/artifactory/api/npm/autodesk-npm-virtual/hoek/-/hoek-6.1.3.tgz",
            "integrity": "sha1-c7fTOVLgH+J6OLBFcpS3ndjaJCw="
        },
        "http-signature": {
            "version": "1.2.0",
            "resolved": "https://art-bobcat.autodesk.com:443/artifactory/api/npm/autodesk-npm-virtual/http-signature/-/http-signature-1.2.0.tgz",
            "integrity": "sha1-muzZJRFHcvPZW2WmCruPfBj7rOE=",
            "requires": {
                "assert-plus": "^1.0.0",
                "jsprim": "^1.2.2",
                "sshpk": "^1.7.0"
            }
        },
        "is-buffer": {
            "version": "2.0.4",
            "resolved": "https://art-bobcat.autodesk.com:443/artifactory/api/npm/autodesk-npm-virtual/is-buffer/-/is-buffer-2.0.4.tgz",
            "integrity": "sha1-PlcvI8hBGlz9lVfISeNmXgspBiM="
        },
        "is-typedarray": {
            "version": "1.0.0",
            "resolved": "https://art-bobcat.autodesk.com:443/artifactory/api/npm/autodesk-npm-virtual/is-typedarray/-/is-typedarray-1.0.0.tgz",
            "integrity": "sha1-5HnICFjfDBsR3dppQPlgEfzaSpo="
        },
        "isstream": {
            "version": "0.1.2",
            "resolved": "https://art-bobcat.autodesk.com:443/artifactory/api/npm/autodesk-npm-virtual/isstream/-/isstream-0.1.2.tgz",
            "integrity": "sha1-R+Y/evVa+m+S4VAOaQ64uFKcCZo="
        },
        "javascript-state-machine": {
            "version": "3.1.0",
            "resolved": "https://art-bobcat.autodesk.com:443/artifactory/api/npm/autodesk-npm-virtual/javascript-state-machine/-/javascript-state-machine-3.1.0.tgz",
            "integrity": "sha1-Bu6yE2pqGa4bVhBcJcrsKD3VzRQ="
        },
        "jsbn": {
            "version": "0.1.1",
            "resolved": "https://art-bobcat.autodesk.com:443/artifactory/api/npm/autodesk-npm-virtual/jsbn/-/jsbn-0.1.1.tgz",
            "integrity": "sha1-peZUwuWi3rXyAdls77yoDA7y9RM="
        },
        "json-schema": {
            "version": "0.2.3",
            "resolved": "https://art-bobcat.autodesk.com:443/artifactory/api/npm/autodesk-npm-virtual/json-schema/-/json-schema-0.2.3.tgz",
            "integrity": "sha1-tIDIkuWaLwWVTOcnvT8qTogvnhM="
        },
        "json-schema-traverse": {
            "version": "0.4.1",
            "resolved": "https://art-bobcat.autodesk.com:443/artifactory/api/npm/autodesk-npm-virtual/json-schema-traverse/-/json-schema-traverse-0.4.1.tgz",
            "integrity": "sha1-afaofZUTq4u4/mO9sJecRI5oRmA="
        },
        "json-stringify-safe": {
            "version": "5.0.1",
            "resolved": "https://art-bobcat.autodesk.com:443/artifactory/api/npm/autodesk-npm-virtual/json-stringify-safe/-/json-stringify-safe-5.0.1.tgz",
            "integrity": "sha1-Epai1Y/UXxmg9s4B1lcB4sc1tus="
        },
        "jsprim": {
            "version": "1.4.1",
            "resolved": "https://art-bobcat.autodesk.com:443/artifactory/api/npm/autodesk-npm-virtual/jsprim/-/jsprim-1.4.1.tgz",
            "integrity": "sha1-MT5mvB5cwG5Di8G3SZwuXFastqI=",
            "requires": {
                "assert-plus": "1.0.0",
                "extsprintf": "1.3.0",
                "json-schema": "0.2.3",
                "verror": "1.10.0"
            }
        },
        "mime-db": {
            "version": "1.40.0",
            "resolved": "https://art-bobcat.autodesk.com:443/artifactory/api/npm/autodesk-npm-virtual/mime-db/-/mime-db-1.40.0.tgz",
            "integrity": "sha1-plBX6ZjbCQ9zKmj2wnbTh9QSbDI="
        },
        "mime-types": {
            "version": "2.1.24",
            "resolved": "https://art-bobcat.autodesk.com:443/artifactory/api/npm/autodesk-npm-virtual/mime-types/-/mime-types-2.1.24.tgz",
            "integrity": "sha1-tvjQs+lR77d97eyhlM/20W9nb4E=",
            "requires": {
                "mime-db": "1.40.0"
            }
        },
        "ms": {
            "version": "2.0.0",
            "resolved": "https://art-bobcat.autodesk.com:443/artifactory/api/npm/autodesk-npm-virtual/ms/-/ms-2.0.0.tgz",
            "integrity": "sha1-VgiurfwAvmwpAd9fmGF4jeDVl8g="
        },
        "oauth-sign": {
            "version": "0.9.0",
            "resolved": "https://art-bobcat.autodesk.com:443/artifactory/api/npm/autodesk-npm-virtual/oauth-sign/-/oauth-sign-0.9.0.tgz",
            "integrity": "sha1-R6ewFrqmi1+g7PPe4IqFxnmsZFU="
        },
        "performance-now": {
            "version": "2.1.0",
            "resolved": "https://art-bobcat.autodesk.com:443/artifactory/api/npm/autodesk-npm-virtual/performance-now/-/performance-now-2.1.0.tgz",
            "integrity": "sha1-Ywn04OX6kT7BxpMHrjZLSzd8nns="
        },
        "psl": {
            "version": "1.4.0",
            "resolved": "https://art-bobcat.autodesk.com:443/artifactory/api/npm/autodesk-npm-virtual/psl/-/psl-1.4.0.tgz",
            "integrity": "sha1-XdJhVs22n6H9uKsZkWZ9P4DO18I="
        },
        "punycode": {
            "version": "2.1.1",
            "resolved": "https://art-bobcat.autodesk.com:443/artifactory/api/npm/autodesk-npm-virtual/punycode/-/punycode-2.1.1.tgz",
            "integrity": "sha1-tYsBCsQMIsVldhbI0sLALHv0eew="
        },
        "qs": {
            "version": "6.5.2",
            "resolved": "https://art-bobcat.autodesk.com:443/artifactory/api/npm/autodesk-npm-virtual/qs/-/qs-6.5.2.tgz",
            "integrity": "sha1-yzroBuh0BERYTvFUzo7pjUA/PjY="
        },
        "request": {
            "version": "2.88.0",
            "resolved": "https://art-bobcat.autodesk.com:443/artifactory/api/npm/autodesk-npm-virtual/request/-/request-2.88.0.tgz",
            "integrity": "sha1-nC/KT301tZLv5Xx/ClXoEFIST+8=",
            "requires": {
                "aws-sign2": "~0.7.0",
                "aws4": "^1.8.0",
                "caseless": "~0.12.0",
                "combined-stream": "~1.0.6",
                "extend": "~3.0.2",
                "forever-agent": "~0.6.1",
                "form-data": "~2.3.2",
                "har-validator": "~5.1.0",
                "http-signature": "~1.2.0",
                "is-typedarray": "~1.0.0",
                "isstream": "~0.1.2",
                "json-stringify-safe": "~5.0.1",
                "mime-types": "~2.1.19",
                "oauth-sign": "~0.9.0",
                "performance-now": "^2.1.0",
                "qs": "~6.5.2",
                "safe-buffer": "^5.1.2",
                "tough-cookie": "~2.4.3",
                "tunnel-agent": "^0.6.0",
                "uuid": "^3.3.2"
            }
        },
        "safe-buffer": {
            "version": "5.2.0",
            "resolved": "https://art-bobcat.autodesk.com:443/artifactory/api/npm/autodesk-npm-virtual/safe-buffer/-/safe-buffer-5.2.0.tgz",
            "integrity": "sha1-t02uxJsRSPiMZLaNSbHoFcHy9Rk="
        },
        "safer-buffer": {
            "version": "2.1.2",
            "resolved": "https://art-bobcat.autodesk.com:443/artifactory/api/npm/autodesk-npm-virtual/safer-buffer/-/safer-buffer-2.1.2.tgz",
            "integrity": "sha1-RPoWGwGHuVSd2Eu5GAL5vYOFzWo="
        },
        "simple-oauth2": {
            "version": "2.5.2",
            "resolved": "https://art-bobcat.autodesk.com:443/artifactory/api/npm/autodesk-npm-virtual/simple-oauth2/-/simple-oauth2-2.5.2.tgz",
            "integrity": "sha1-M3vNS0THbpdsqnehx7AGErJQCus=",
            "requires": {
                "@hapi/joi": "^15.1.1",
                "date-fns": "^2.2.1",
                "debug": "^4.1.1",
                "wreck": "^14.0.2"
            },
            "dependencies": {
                "debug": {
                    "version": "4.1.1",
                    "resolved": "https://art-bobcat.autodesk.com:443/artifactory/api/npm/autodesk-npm-virtual/debug/-/debug-4.1.1.tgz",
                    "integrity": "sha1-O3ImAlUQnGtYnO4FDx1RYTlmR5E=",
                    "requires": {
                        "ms": "^2.1.1"
                    }
                },
                "ms": {
                    "version": "2.1.2",
                    "resolved": "https://art-bobcat.autodesk.com:443/artifactory/api/npm/autodesk-npm-virtual/ms/-/ms-2.1.2.tgz",
                    "integrity": "sha1-0J0fNXtEP0kzgqjrPM0YOHKuYAk="
                }
            }
        },
        "sshpk": {
            "version": "1.16.1",
            "resolved": "https://art-bobcat.autodesk.com:443/artifactory/api/npm/autodesk-npm-virtual/sshpk/-/sshpk-1.16.1.tgz",
            "integrity": "sha1-+2YcC+8ps520B2nuOfpwCT1vaHc=",
            "requires": {
                "asn1": "~0.2.3",
                "assert-plus": "^1.0.0",
                "bcrypt-pbkdf": "^1.0.0",
                "dashdash": "^1.12.0",
                "ecc-jsbn": "~0.1.1",
                "getpass": "^0.1.1",
                "jsbn": "~0.1.0",
                "safer-buffer": "^2.0.2",
                "tweetnacl": "~0.14.0"
            }
        },
        "stream-buffers": {
            "version": "3.0.2",
            "resolved": "https://art-bobcat.autodesk.com:443/artifactory/api/npm/autodesk-npm-virtual/stream-buffers/-/stream-buffers-3.0.2.tgz",
            "integrity": "sha1-UkkAWo1cLQCzoy5uCm6iCdxPNSE="
        },
        "tough-cookie": {
            "version": "2.4.3",
            "resolved": "https://art-bobcat.autodesk.com:443/artifactory/api/npm/autodesk-npm-virtual/tough-cookie/-/tough-cookie-2.4.3.tgz",
            "integrity": "sha1-U/Nto/R3g7CSWvoG/587FlKA94E=",
            "requires": {
                "psl": "^1.1.24",
                "punycode": "^1.4.1"
            },
            "dependencies": {
                "punycode": {
                    "version": "1.4.1",
                    "resolved": "https://art-bobcat.autodesk.com:443/artifactory/api/npm/autodesk-npm-virtual/punycode/-/punycode-1.4.1.tgz",
                    "integrity": "sha1-wNWmOycYgArY4esPpSachN1BhF4="
                }
            }
        },
        "tunnel-agent": {
            "version": "0.6.0",
            "resolved": "https://art-bobcat.autodesk.com:443/artifactory/api/npm/autodesk-npm-virtual/tunnel-agent/-/tunnel-agent-0.6.0.tgz",
            "integrity": "sha1-J6XeoGs2sEoKmWZ3SykIaPD8QP0=",
            "requires": {
                "safe-buffer": "^5.0.1"
            }
        },
        "tweetnacl": {
            "version": "0.14.5",
            "resolved": "https://art-bobcat.autodesk.com:443/artifactory/api/npm/autodesk-npm-virtual/tweetnacl/-/tweetnacl-0.14.5.tgz",
            "integrity": "sha1-WuaBd/GS1EViadEIr6k/+HQ/T2Q="
        },
        "uri-js": {
            "version": "4.2.2",
            "resolved": "https://art-bobcat.autodesk.com:443/artifactory/api/npm/autodesk-npm-virtual/uri-js/-/uri-js-4.2.2.tgz",
            "integrity": "sha1-lMVA4f93KVbiKZUHwBCupsiDjrA=",
            "requires": {
                "punycode": "^2.1.0"
            }
        },
        "uuid": {
            "version": "3.3.3",
            "resolved": "https://art-bobcat.autodesk.com:443/artifactory/api/npm/autodesk-npm-virtual/uuid/-/uuid-3.3.3.tgz",
            "integrity": "sha1-RWjwIW54dg7h2/Ok0s9T4iQRKGY="
        },
        "verror": {
            "version": "1.10.0",
            "resolved": "https://art-bobcat.autodesk.com:443/artifactory/api/npm/autodesk-npm-virtual/verror/-/verror-1.10.0.tgz",
            "integrity": "sha1-OhBcoXBTr1XW4nDB+CiGguGNpAA=",
            "requires": {
                "assert-plus": "^1.0.0",
                "core-util-is": "1.0.2",
                "extsprintf": "^1.2.0"
            }
        },
        "wreck": {
            "version": "14.2.0",
            "resolved": "https://art-bobcat.autodesk.com:443/artifactory/api/npm/autodesk-npm-virtual/wreck/-/wreck-14.2.0.tgz",
            "integrity": "sha1-AGSluTD8Z19Xgwwf0oNC2hpwsPw=",
            "requires": {
                "boom": "7.x.x",
                "bourne": "1.x.x",
                "hoek": "6.x.x"
            }
        }
    }
}
